
Microsoft Visual Studio Solution File, Format Version 12.00
# Visual Studio Version 17
VisualStudioVersion = 17.8.34525.116
MinimumVisualStudioVersion = 10.0.40219.1
Project("{2150E333-8FDC-42A3-9474-1A3956D46DE8}") = "Solution Items", "Solution Items", "{1274DDE4-2871-478B-9349-7B59C37D594D}"
	ProjectSection(SolutionItems) = preProject
		.dockerignore = .dockerignore
		.env.template = .env.template
		.gitattributes = .gitattributes
		.gitignore = .gitignore
		docker-compose.api.yml = docker-compose.api.yml
		docker-compose.database.yml = docker-compose.database.yml
		Makefile = Makefile
		README.md = README.md
	EndProjectSection
EndProject
Project("{9A19103F-16F7-4668-BE54-9A1E7A4F7556}") = "HCSYS.Api", "HCSYS.Api\HCSYS.Api.csproj", "{9DCC60AD-E0FB-401F-B3CB-ADC220EC2EDD}"
EndProject
Project("{9A19103F-16F7-4668-BE54-9A1E7A4F7556}") = "HCSYS.Persistence", "HCSYS.Persistence\HCSYS.Persistence.csproj", "{EB92F47E-F287-49C3-99FC-DBF75F713C67}"
EndProject
Global
	GlobalSection(SolutionConfigurationPlatforms) = preSolution
		Debug|Any CPU = Debug|Any CPU
		Release|Any CPU = Release|Any CPU
	EndGlobalSection
	GlobalSection(ProjectConfigurationPlatforms) = postSolution
		{9DCC60AD-E0FB-401F-B3CB-ADC220EC2EDD}.Debug|Any CPU.ActiveCfg = Debug|Any CPU
		{9DCC60AD-E0FB-401F-B3CB-ADC220EC2EDD}.Debug|Any CPU.Build.0 = Debug|Any CPU
		{9DCC60AD-E0FB-401F-B3CB-ADC220EC2EDD}.Release|Any CPU.ActiveCfg = Release|Any CPU
		{9DCC60AD-E0FB-401F-B3CB-ADC220EC2EDD}.Release|Any CPU.Build.0 = Release|Any CPU
		{EB92F47E-F287-49C3-99FC-DBF75F713C67}.Debug|Any CPU.ActiveCfg = Debug|Any CPU
		{EB92F47E-F287-49C3-99FC-DBF75F713C67}.Debug|Any CPU.Build.0 = Debug|Any CPU
		{EB92F47E-F287-49C3-99FC-DBF75F713C67}.Release|Any CPU.ActiveCfg = Release|Any CPU
		{EB92F47E-F287-49C3-99FC-DBF75F713C67}.Release|Any CPU.Build.0 = Release|Any CPU
	EndGlobalSection
	GlobalSection(SolutionProperties) = preSolution
		HideSolutionNode = FALSE
	EndGlobalSection
	GlobalSection(ExtensibilityGlobals) = postSolution
		SolutionGuid = {35FE5939-3515-4F44-9175-6FF965AB927B}
	EndGlobalSection
EndGlobal
